
Microsoft Visual Studio Solution File, Format Version 12.00
# Visual Studio Version 17
VisualStudioVersion = 17.6.33723.286
MinimumVisualStudioVersion = 10.0.40219.1
Project("{FAE04EC0-301F-11D3-BF4B-00C04F79EFBC}") = "UR1-Khalil-khalaf", "UR1-Khalil-khalaf.csproj", "{903792EE-613C-4602-91AA-F4CB415DC49D}"
EndProject
Global
	GlobalSection(SolutionConfigurationPlatforms) = preSolution
		Debug|Any CPU = Debug|Any CPU
		Release|Any CPU = Release|Any CPU
	EndGlobalSection
	GlobalSection(ProjectConfigurationPlatforms) = postSolution
		{903792EE-613C-4602-91AA-F4CB415DC49D}.Debug|Any CPU.ActiveCfg = Debug|Any CPU
		{903792EE-613C-4602-91AA-F4CB415DC49D}.Debug|Any CPU.Build.0 = Debug|Any CPU
		{903792EE-613C-4602-91AA-F4CB415DC49D}.Release|Any CPU.ActiveCfg = Release|Any CPU
		{903792EE-613C-4602-91AA-F4CB415DC49D}.Release|Any CPU.Build.0 = Release|Any CPU
	EndGlobalSection
	GlobalSection(SolutionProperties) = preSolution
		HideSolutionNode = FALSE
	EndGlobalSection
	GlobalSection(ExtensibilityGlobals) = postSolution
		SolutionGuid = {73BAB39B-1D7B-48F6-BF64-D787F3A60290}
	EndGlobalSection
EndGlobal
